
Microsoft Visual Studio Solution File, Format Version 12.00
# Visual Studio Version 17
VisualStudioVersion = 17.4.33205.214
MinimumVisualStudioVersion = 10.0.40219.1
Project("{FAE04EC0-301F-11D3-BF4B-00C04F79EFBC}") = "Dongu_Faktoriyel_Odevi", "Dongu_Faktoriyel_Odevi\Dongu_Faktoriyel_Odevi.csproj", "{4D3517DD-D831-463A-ACF3-2F2302F31C15}"
EndProject
Global
	GlobalSection(SolutionConfigurationPlatforms) = preSolution
		Debug|Any CPU = Debug|Any CPU
		Release|Any CPU = Release|Any CPU
	EndGlobalSection
	GlobalSection(ProjectConfigurationPlatforms) = postSolution
		{4D3517DD-D831-463A-ACF3-2F2302F31C15}.Debug|Any CPU.ActiveCfg = Debug|Any CPU
		{4D3517DD-D831-463A-ACF3-2F2302F31C15}.Debug|Any CPU.Build.0 = Debug|Any CPU
		{4D3517DD-D831-463A-ACF3-2F2302F31C15}.Release|Any CPU.ActiveCfg = Release|Any CPU
		{4D3517DD-D831-463A-ACF3-2F2302F31C15}.Release|Any CPU.Build.0 = Release|Any CPU
	EndGlobalSection
	GlobalSection(SolutionProperties) = preSolution
		HideSolutionNode = FALSE
	EndGlobalSection
	GlobalSection(ExtensibilityGlobals) = postSolution
		SolutionGuid = {6ED78600-2947-4B18-9795-190443F6E1A0}
	EndGlobalSection
EndGlobal
