
Microsoft Visual Studio Solution File, Format Version 12.00
# Visual Studio Version 17
VisualStudioVersion = 17.4.33213.308
MinimumVisualStudioVersion = 10.0.40219.1
Project("{FAE04EC0-301F-11D3-BF4B-00C04F79EFBC}") = "Sinif_Constructor_Odevi", "Sinif_Constructor_Odevi\Sinif_Constructor_Odevi.csproj", "{FD4EA21E-90A9-43F7-9D2A-83518D0AE87D}"
EndProject
Global
	GlobalSection(SolutionConfigurationPlatforms) = preSolution
		Debug|Any CPU = Debug|Any CPU
		Release|Any CPU = Release|Any CPU
	EndGlobalSection
	GlobalSection(ProjectConfigurationPlatforms) = postSolution
		{FD4EA21E-90A9-43F7-9D2A-83518D0AE87D}.Debug|Any CPU.ActiveCfg = Debug|Any CPU
		{FD4EA21E-90A9-43F7-9D2A-83518D0AE87D}.Debug|Any CPU.Build.0 = Debug|Any CPU
		{FD4EA21E-90A9-43F7-9D2A-83518D0AE87D}.Release|Any CPU.ActiveCfg = Release|Any CPU
		{FD4EA21E-90A9-43F7-9D2A-83518D0AE87D}.Release|Any CPU.Build.0 = Release|Any CPU
	EndGlobalSection
	GlobalSection(SolutionProperties) = preSolution
		HideSolutionNode = FALSE
	EndGlobalSection
	GlobalSection(ExtensibilityGlobals) = postSolution
		SolutionGuid = {F6F4EE9E-5131-4EC5-B353-E4D0560FCC08}
	EndGlobalSection
EndGlobal
