
Microsoft Visual Studio Solution File, Format Version 12.00
# Visual Studio Version 17
VisualStudioVersion = 17.4.33213.308
MinimumVisualStudioVersion = 10.0.40219.1
Project("{FAE04EC0-301F-11D3-BF4B-00C04F79EFBC}") = "Sayisal_Loto_Odevi", "Sayisal_Loto_Odevi\Sayisal_Loto_Odevi.csproj", "{2F49EE67-024E-4CD7-8D8C-DFD9B3AC027F}"
EndProject
Global
	GlobalSection(SolutionConfigurationPlatforms) = preSolution
		Debug|Any CPU = Debug|Any CPU
		Release|Any CPU = Release|Any CPU
	EndGlobalSection
	GlobalSection(ProjectConfigurationPlatforms) = postSolution
		{2F49EE67-024E-4CD7-8D8C-DFD9B3AC027F}.Debug|Any CPU.ActiveCfg = Debug|Any CPU
		{2F49EE67-024E-4CD7-8D8C-DFD9B3AC027F}.Debug|Any CPU.Build.0 = Debug|Any CPU
		{2F49EE67-024E-4CD7-8D8C-DFD9B3AC027F}.Release|Any CPU.ActiveCfg = Release|Any CPU
		{2F49EE67-024E-4CD7-8D8C-DFD9B3AC027F}.Release|Any CPU.Build.0 = Release|Any CPU
	EndGlobalSection
	GlobalSection(SolutionProperties) = preSolution
		HideSolutionNode = FALSE
	EndGlobalSection
	GlobalSection(ExtensibilityGlobals) = postSolution
		SolutionGuid = {002306FF-62C2-4A38-9E32-862B7E65B088}
	EndGlobalSection
EndGlobal
