
Microsoft Visual Studio Solution File, Format Version 12.00
# Visual Studio Version 17
VisualStudioVersion = 17.4.33213.308
MinimumVisualStudioVersion = 10.0.40219.1
Project("{FAE04EC0-301F-11D3-BF4B-00C04F79EFBC}") = "Captcha_Odevi", "Captcha_Odevi\Captcha_Odevi.csproj", "{FAFFBAE2-48E5-43E7-9F90-802BE0364CE4}"
EndProject
Global
	GlobalSection(SolutionConfigurationPlatforms) = preSolution
		Debug|Any CPU = Debug|Any CPU
		Release|Any CPU = Release|Any CPU
	EndGlobalSection
	GlobalSection(ProjectConfigurationPlatforms) = postSolution
		{FAFFBAE2-48E5-43E7-9F90-802BE0364CE4}.Debug|Any CPU.ActiveCfg = Debug|Any CPU
		{FAFFBAE2-48E5-43E7-9F90-802BE0364CE4}.Debug|Any CPU.Build.0 = Debug|Any CPU
		{FAFFBAE2-48E5-43E7-9F90-802BE0364CE4}.Release|Any CPU.ActiveCfg = Release|Any CPU
		{FAFFBAE2-48E5-43E7-9F90-802BE0364CE4}.Release|Any CPU.Build.0 = Release|Any CPU
	EndGlobalSection
	GlobalSection(SolutionProperties) = preSolution
		HideSolutionNode = FALSE
	EndGlobalSection
	GlobalSection(ExtensibilityGlobals) = postSolution
		SolutionGuid = {E9AC9C60-90B4-4757-84C9-44B1CAF7010B}
	EndGlobalSection
EndGlobal
